// !$*UTF8*$!
{
	archiveVersion = 1;
	classes = {
	};
	objectVersion = 56;
	objects = {

/* Begin PBXBuildFile section */
		9F252432299A9D1D0000037C /* MTLTexture+toImage.swift in Sources */ = {isa = PBXBuildFile; fileRef = 9F252431299A9D1D0000037C /* MTLTexture+toImage.swift */; };
		9F252434299AA1950000037C /* ImageRenderer.swift in Sources */ = {isa = PBXBuildFile; fileRef = 9F252433299AA1950000037C /* ImageRenderer.swift */; };
		9F252436299AA5FD0000037C /* ExportDocument.swift in Sources */ = {isa = PBXBuildFile; fileRef = 9F252435299AA5FD0000037C /* ExportDocument.swift */; };
		9F252438299AB4390000037C /* ExportOptionsSheet.swift in Sources */ = {isa = PBXBuildFile; fileRef = 9F252437299AB4390000037C /* ExportOptionsSheet.swift */; };
		9F2F47C1299AF48100DD714C /* Viewer.swift in Sources */ = {isa = PBXBuildFile; fileRef = 9F2F47C0299AF48100DD714C /* Viewer.swift */; };
		9F3B39472998293C00C8357A /* MetalToyApp.swift in Sources */ = {isa = PBXBuildFile; fileRef = 9F3B39462998293C00C8357A /* MetalToyApp.swift */; };
		9F3B39492998293C00C8357A /* ContentView.swift in Sources */ = {isa = PBXBuildFile; fileRef = 9F3B39482998293C00C8357A /* ContentView.swift */; };
		9F3B394B2998293C00C8357A /* Assets.xcassets in Resources */ = {isa = PBXBuildFile; fileRef = 9F3B394A2998293C00C8357A /* Assets.xcassets */; };
		9F3B394F2998293C00C8357A /* Preview Assets.xcassets in Resources */ = {isa = PBXBuildFile; fileRef = 9F3B394E2998293C00C8357A /* Preview Assets.xcassets */; };
		9F3B39592998530D00C8357A /* EditorView.swift in Sources */ = {isa = PBXBuildFile; fileRef = 9F3B39582998530D00C8357A /* EditorView.swift */; };
		9F3B395B2998531100C8357A /* ControlsView.swift in Sources */ = {isa = PBXBuildFile; fileRef = 9F3B395A2998531100C8357A /* ControlsView.swift */; };
		9F3B395D2998550700C8357A /* RenderConfiguration.swift in Sources */ = {isa = PBXBuildFile; fileRef = 9F3B395C2998550700C8357A /* RenderConfiguration.swift */; };
		9F3B3968299858B900C8357A /* LocationControls.swift in Sources */ = {isa = PBXBuildFile; fileRef = 9F3B3967299858B900C8357A /* LocationControls.swift */; };
		9F3B396A299858C600C8357A /* ZoomControls.swift in Sources */ = {isa = PBXBuildFile; fileRef = 9F3B3969299858C600C8357A /* ZoomControls.swift */; };
		9F3B396C299859C900C8357A /* ControlButtonStyle.swift in Sources */ = {isa = PBXBuildFile; fileRef = 9F3B396B299859C900C8357A /* ControlButtonStyle.swift */; };
		9F3B397029993A0A00C8357A /* EditorControlsView.swift in Sources */ = {isa = PBXBuildFile; fileRef = 9F3B396F29993A0A00C8357A /* EditorControlsView.swift */; };
		9F3B397329993C8C00C8357A /* RenderDelegate.swift in Sources */ = {isa = PBXBuildFile; fileRef = 9F3B397229993C8C00C8357A /* RenderDelegate.swift */; };
		9F3B397529993D8D00C8357A /* Renderer.swift in Sources */ = {isa = PBXBuildFile; fileRef = 9F3B397429993D8D00C8357A /* Renderer.swift */; };
		9F3B3977299947CB00C8357A /* MetalUtil.swift in Sources */ = {isa = PBXBuildFile; fileRef = 9F3B3976299947CB00C8357A /* MetalUtil.swift */; };
		9F3B39792999489600C8357A /* RenderView.swift in Sources */ = {isa = PBXBuildFile; fileRef = 9F3B39782999489600C8357A /* RenderView.swift */; };
		9F3B397C29994A1500C8357A /* render.metal in Sources */ = {isa = PBXBuildFile; fileRef = 9F3B397B29994A1500C8357A /* render.metal */; };
		9F3B397E29994AC600C8357A /* make_image.metal in Sources */ = {isa = PBXBuildFile; fileRef = 9F3B397D29994AC600C8357A /* make_image.metal */; };
		9F3B398929994E1600C8357A /* user_shader.metal in Sources */ = {isa = PBXBuildFile; fileRef = 9F3B398829994E1600C8357A /* user_shader.metal */; };
		9F3B398D2999526600C8357A /* libUserShader.metallib in Resources */ = {isa = PBXBuildFile; fileRef = 9F3B398129994DFA00C8357A /* libUserShader.metallib */; };
		9F3B39B02999B6AA00C8357A /* MetalDocument.swift in Sources */ = {isa = PBXBuildFile; fileRef = 9F3B39AF2999B6AA00C8357A /* MetalDocument.swift */; };
		9F3B39B42999F16200C8357A /* FocusedValues+document.swift in Sources */ = {isa = PBXBuildFile; fileRef = 9F3B39B32999F16200C8357A /* FocusedValues+document.swift */; };
		9F3B39B62999F22600C8357A /* EditorCommands.swift in Sources */ = {isa = PBXBuildFile; fileRef = 9F3B39B52999F22600C8357A /* EditorCommands.swift */; };
		9F3B39B92999F7F000C8357A /* SIMD+initFromCGPoint.swift in Sources */ = {isa = PBXBuildFile; fileRef = 9F3B39B82999F7F000C8357A /* SIMD+initFromCGPoint.swift */; };
/* End PBXBuildFile section */

/* Begin PBXContainerItemProxy section */
		9F3B398B299951DC00C8357A /* PBXContainerItemProxy */ = {
			isa = PBXContainerItemProxy;
			containerPortal = 9F3B393B2998293C00C8357A /* Project object */;
			proxyType = 1;
			remoteGlobalIDString = 9F3B398029994DFA00C8357A;
			remoteInfo = UserShader;
		};
/* End PBXContainerItemProxy section */

/* Begin PBXFileReference section */
		9F252431299A9D1D0000037C /* MTLTexture+toImage.swift */ = {isa = PBXFileReference; lastKnownFileType = sourcecode.swift; path = "MTLTexture+toImage.swift"; sourceTree = "<group>"; };
		9F252433299AA1950000037C /* ImageRenderer.swift */ = {isa = PBXFileReference; lastKnownFileType = sourcecode.swift; path = ImageRenderer.swift; sourceTree = "<group>"; };
		9F252435299AA5FD0000037C /* ExportDocument.swift */ = {isa = PBXFileReference; lastKnownFileType = sourcecode.swift; path = ExportDocument.swift; sourceTree = "<group>"; };
		9F252437299AB4390000037C /* ExportOptionsSheet.swift */ = {isa = PBXFileReference; lastKnownFileType = sourcecode.swift; path = ExportOptionsSheet.swift; sourceTree = "<group>"; };
		9F2F47C0299AF48100DD714C /* Viewer.swift */ = {isa = PBXFileReference; lastKnownFileType = sourcecode.swift; path = Viewer.swift; sourceTree = "<group>"; };
		9F3B39432998293C00C8357A /* MetalToy.app */ = {isa = PBXFileReference; explicitFileType = wrapper.application; includeInIndex = 0; path = MetalToy.app; sourceTree = BUILT_PRODUCTS_DIR; };
		9F3B39462998293C00C8357A /* MetalToyApp.swift */ = {isa = PBXFileReference; lastKnownFileType = sourcecode.swift; path = MetalToyApp.swift; sourceTree = "<group>"; };
		9F3B39482998293C00C8357A /* ContentView.swift */ = {isa = PBXFileReference; lastKnownFileType = sourcecode.swift; path = ContentView.swift; sourceTree = "<group>"; };
		9F3B394A2998293C00C8357A /* Assets.xcassets */ = {isa = PBXFileReference; lastKnownFileType = folder.assetcatalog; path = Assets.xcassets; sourceTree = "<group>"; };
		9F3B394C2998293C00C8357A /* MetalToy.entitlements */ = {isa = PBXFileReference; lastKnownFileType = text.plist.entitlements; path = MetalToy.entitlements; sourceTree = "<group>"; };
		9F3B394E2998293C00C8357A /* Preview Assets.xcassets */ = {isa = PBXFileReference; lastKnownFileType = folder.assetcatalog; path = "Preview Assets.xcassets"; sourceTree = "<group>"; };
		9F3B39582998530D00C8357A /* EditorView.swift */ = {isa = PBXFileReference; lastKnownFileType = sourcecode.swift; path = EditorView.swift; sourceTree = "<group>"; };
		9F3B395A2998531100C8357A /* ControlsView.swift */ = {isa = PBXFileReference; lastKnownFileType = sourcecode.swift; path = ControlsView.swift; sourceTree = "<group>"; };
		9F3B395C2998550700C8357A /* RenderConfiguration.swift */ = {isa = PBXFileReference; lastKnownFileType = sourcecode.swift; path = RenderConfiguration.swift; sourceTree = "<group>"; };
		9F3B395E299855C100C8357A /* bridging.h */ = {isa = PBXFileReference; lastKnownFileType = sourcecode.c.h; path = bridging.h; sourceTree = "<group>"; };
		9F3B395F299855C200C8357A /* render_config.h */ = {isa = PBXFileReference; lastKnownFileType = sourcecode.c.h; path = render_config.h; sourceTree = "<group>"; };
		9F3B3967299858B900C8357A /* LocationControls.swift */ = {isa = PBXFileReference; lastKnownFileType = sourcecode.swift; path = LocationControls.swift; sourceTree = "<group>"; };
		9F3B3969299858C600C8357A /* ZoomControls.swift */ = {isa = PBXFileReference; lastKnownFileType = sourcecode.swift; path = ZoomControls.swift; sourceTree = "<group>"; };
		9F3B396B299859C900C8357A /* ControlButtonStyle.swift */ = {isa = PBXFileReference; lastKnownFileType = sourcecode.swift; path = ControlButtonStyle.swift; sourceTree = "<group>"; };
		9F3B396F29993A0A00C8357A /* EditorControlsView.swift */ = {isa = PBXFileReference; lastKnownFileType = sourcecode.swift; path = EditorControlsView.swift; sourceTree = "<group>"; };
		9F3B397229993C8C00C8357A /* RenderDelegate.swift */ = {isa = PBXFileReference; lastKnownFileType = sourcecode.swift; path = RenderDelegate.swift; sourceTree = "<group>"; };
		9F3B397429993D8D00C8357A /* Renderer.swift */ = {isa = PBXFileReference; lastKnownFileType = sourcecode.swift; path = Renderer.swift; sourceTree = "<group>"; };
		9F3B3976299947CB00C8357A /* MetalUtil.swift */ = {isa = PBXFileReference; lastKnownFileType = sourcecode.swift; path = MetalUtil.swift; sourceTree = "<group>"; };
		9F3B39782999489600C8357A /* RenderView.swift */ = {isa = PBXFileReference; lastKnownFileType = sourcecode.swift; path = RenderView.swift; sourceTree = "<group>"; };
		9F3B397B29994A1500C8357A /* render.metal */ = {isa = PBXFileReference; lastKnownFileType = sourcecode.metal; path = render.metal; sourceTree = "<group>"; };
		9F3B397D29994AC600C8357A /* make_image.metal */ = {isa = PBXFileReference; lastKnownFileType = sourcecode.metal; path = make_image.metal; sourceTree = "<group>"; };
		9F3B398129994DFA00C8357A /* libUserShader.metallib */ = {isa = PBXFileReference; explicitFileType = "archive.metal-library"; includeInIndex = 0; path = libUserShader.metallib; sourceTree = BUILT_PRODUCTS_DIR; };
		9F3B398829994E1600C8357A /* user_shader.metal */ = {isa = PBXFileReference; lastKnownFileType = sourcecode.metal; path = user_shader.metal; sourceTree = "<group>"; };
		9F3B398A29994E9800C8357A /* user_shader.h */ = {isa = PBXFileReference; lastKnownFileType = sourcecode.c.h; path = user_shader.h; sourceTree = "<group>"; };
		9F3B398F2999638F00C8357A /* .gitignore */ = {isa = PBXFileReference; lastKnownFileType = text; path = .gitignore; sourceTree = "<group>"; };
		9F3B39AE2999B58000C8357A /* Info.plist */ = {isa = PBXFileReference; lastKnownFileType = text.plist; path = Info.plist; sourceTree = "<group>"; };
		9F3B39AF2999B6AA00C8357A /* MetalDocument.swift */ = {isa = PBXFileReference; lastKnownFileType = sourcecode.swift; path = MetalDocument.swift; sourceTree = "<group>"; };
		9F3B39B32999F16200C8357A /* FocusedValues+document.swift */ = {isa = PBXFileReference; lastKnownFileType = sourcecode.swift; path = "FocusedValues+document.swift"; sourceTree = "<group>"; };
		9F3B39B52999F22600C8357A /* EditorCommands.swift */ = {isa = PBXFileReference; lastKnownFileType = sourcecode.swift; path = EditorCommands.swift; sourceTree = "<group>"; };
		9F3B39B82999F7F000C8357A /* SIMD+initFromCGPoint.swift */ = {isa = PBXFileReference; lastKnownFileType = sourcecode.swift; path = "SIMD+initFromCGPoint.swift"; sourceTree = "<group>"; };
/* End PBXFileReference section */

/* Begin PBXFrameworksBuildPhase section */
		9F3B39402998293C00C8357A /* Frameworks */ = {
			isa = PBXFrameworksBuildPhase;
			buildActionMask = 2147483647;
			files = (
			);
			runOnlyForDeploymentPostprocessing = 0;
		};
/* End PBXFrameworksBuildPhase section */

/* Begin PBXGroup section */
		9F3B393A2998293C00C8357A = {
			isa = PBXGroup;
			children = (
				9F3B398F2999638F00C8357A /* .gitignore */,
				9F3B39452998293C00C8357A /* MetalToy */,
				9F3B39442998293C00C8357A /* Products */,
			);
			sourceTree = "<group>";
		};
		9F3B39442998293C00C8357A /* Products */ = {
			isa = PBXGroup;
			children = (
				9F3B39432998293C00C8357A /* MetalToy.app */,
				9F3B398129994DFA00C8357A /* libUserShader.metallib */,
			);
			name = Products;
			sourceTree = "<group>";
		};
		9F3B39452998293C00C8357A /* MetalToy */ = {
			isa = PBXGroup;
			children = (
				9F3B39AE2999B58000C8357A /* Info.plist */,
				9F3B39462998293C00C8357A /* MetalToyApp.swift */,
				9F3B39AF2999B6AA00C8357A /* MetalDocument.swift */,
				9F3B395C2998550700C8357A /* RenderConfiguration.swift */,
				9F3B39B52999F22600C8357A /* EditorCommands.swift */,
				9F3B395F299855C200C8357A /* render_config.h */,
				9F3B39B72999F7D800C8357A /* Utils */,
				9F3B397129993C7300C8357A /* Render */,
				9F3B3955299851DD00C8357A /* Views */,
				9F3B394A2998293C00C8357A /* Assets.xcassets */,
				9F3B394C2998293C00C8357A /* MetalToy.entitlements */,
				9F3B394D2998293C00C8357A /* Preview Content */,
				9F3B395E299855C100C8357A /* bridging.h */,
			);
			path = MetalToy;
			sourceTree = "<group>";
		};
		9F3B394D2998293C00C8357A /* Preview Content */ = {
			isa = PBXGroup;
			children = (
				9F3B394E2998293C00C8357A /* Preview Assets.xcassets */,
			);
			path = "Preview Content";
			sourceTree = "<group>";
		};
		9F3B3955299851DD00C8357A /* Views */ = {
			isa = PBXGroup;
			children = (
				9F3B39482998293C00C8357A /* ContentView.swift */,
				9F2F47C0299AF48100DD714C /* Viewer.swift */,
				9F252437299AB4390000037C /* ExportOptionsSheet.swift */,
				9F3B39582998530D00C8357A /* EditorView.swift */,
				9F3B395A2998531100C8357A /* ControlsView.swift */,
				9F3B396F29993A0A00C8357A /* EditorControlsView.swift */,
				9F3B3964299858A900C8357A /* Controls */,
			);
			path = Views;
			sourceTree = "<group>";
		};
		9F3B3964299858A900C8357A /* Controls */ = {
			isa = PBXGroup;
			children = (
				9F3B3967299858B900C8357A /* LocationControls.swift */,
				9F3B396B299859C900C8357A /* ControlButtonStyle.swift */,
				9F3B3969299858C600C8357A /* ZoomControls.swift */,
			);
			path = Controls;
			sourceTree = "<group>";
		};
		9F3B397129993C7300C8357A /* Render */ = {
			isa = PBXGroup;
			children = (
				9F3B397229993C8C00C8357A /* RenderDelegate.swift */,
				9F3B397429993D8D00C8357A /* Renderer.swift */,
				9F3B3976299947CB00C8357A /* MetalUtil.swift */,
				9F3B39782999489600C8357A /* RenderView.swift */,
				9F252431299A9D1D0000037C /* MTLTexture+toImage.swift */,
				9F252433299AA1950000037C /* ImageRenderer.swift */,
				9F3B397A29994A0D00C8357A /* Shaders */,
			);
			path = Render;
			sourceTree = "<group>";
		};
		9F3B397A29994A0D00C8357A /* Shaders */ = {
			isa = PBXGroup;
			children = (
				9F3B397B29994A1500C8357A /* render.metal */,
				9F3B397D29994AC600C8357A /* make_image.metal */,
				9F3B398A29994E9800C8357A /* user_shader.h */,
				9F3B398829994E1600C8357A /* user_shader.metal */,
			);
			path = Shaders;
			sourceTree = "<group>";
		};
		9F3B39B72999F7D800C8357A /* Utils */ = {
			isa = PBXGroup;
			children = (
				9F3B39B32999F16200C8357A /* FocusedValues+document.swift */,
				9F3B39B82999F7F000C8357A /* SIMD+initFromCGPoint.swift */,
				9F252435299AA5FD0000037C /* ExportDocument.swift */,
			);
			path = Utils;
			sourceTree = "<group>";
		};
/* End PBXGroup section */

/* Begin PBXNativeTarget section */
		9F3B39422998293C00C8357A /* MetalToy */ = {
			isa = PBXNativeTarget;
			buildConfigurationList = 9F3B39522998293C00C8357A /* Build configuration list for PBXNativeTarget "MetalToy" */;
			buildPhases = (
				9F3B393F2998293C00C8357A /* Sources */,
				9F3B39402998293C00C8357A /* Frameworks */,
				9F3B39412998293C00C8357A /* Resources */,
			);
			buildRules = (
			);
			dependencies = (
				9F3B398C299951DC00C8357A /* PBXTargetDependency */,
			);
			name = MetalToy;
			productName = MetalToy;
			productReference = 9F3B39432998293C00C8357A /* MetalToy.app */;
			productType = "com.apple.product-type.application";
		};
		9F3B398029994DFA00C8357A /* UserShader */ = {
			isa = PBXNativeTarget;
			buildConfigurationList = 9F3B398529994DFA00C8357A /* Build configuration list for PBXNativeTarget "UserShader" */;
			buildPhases = (
				9F3B397F29994DFA00C8357A /* Sources */,
			);
			buildRules = (
			);
			dependencies = (
			);
			name = UserShader;
			productName = UserShader;
			productReference = 9F3B398129994DFA00C8357A /* libUserShader.metallib */;
			productType = "com.apple.product-type.metal-library";
		};
/* End PBXNativeTarget section */

/* Begin PBXProject section */
		9F3B393B2998293C00C8357A /* Project object */ = {
			isa = PBXProject;
			attributes = {
				BuildIndependentTargetsInParallel = 1;
				LastSwiftUpdateCheck = 1420;
				LastUpgradeCheck = 1420;
				TargetAttributes = {
					9F3B39422998293C00C8357A = {
						CreatedOnToolsVersion = 14.2;
						LastSwiftMigration = 1420;
					};
					9F3B398029994DFA00C8357A = {
						CreatedOnToolsVersion = 14.2;
					};
				};
			};
			buildConfigurationList = 9F3B393E2998293C00C8357A /* Build configuration list for PBXProject "MetalToy" */;
			compatibilityVersion = "Xcode 14.0";
			developmentRegion = en;
			hasScannedForEncodings = 0;
			knownRegions = (
				en,
				Base,
			);
			mainGroup = 9F3B393A2998293C00C8357A;
			productRefGroup = 9F3B39442998293C00C8357A /* Products */;
			projectDirPath = "";
			projectRoot = "";
			targets = (
				9F3B398029994DFA00C8357A /* UserShader */,
				9F3B39422998293C00C8357A /* MetalToy */,
			);
		};
/* End PBXProject section */

/* Begin PBXResourcesBuildPhase section */
		9F3B39412998293C00C8357A /* Resources */ = {
			isa = PBXResourcesBuildPhase;
			buildActionMask = 2147483647;
			files = (
				9F3B398D2999526600C8357A /* libUserShader.metallib in Resources */,
				9F3B394F2998293C00C8357A /* Preview Assets.xcassets in Resources */,
				9F3B394B2998293C00C8357A /* Assets.xcassets in Resources */,
			);
			runOnlyForDeploymentPostprocessing = 0;
		};
/* End PBXResourcesBuildPhase section */

/* Begin PBXSourcesBuildPhase section */
		9F3B393F2998293C00C8357A /* Sources */ = {
			isa = PBXSourcesBuildPhase;
			buildActionMask = 2147483647;
			files = (
				9F3B39B02999B6AA00C8357A /* MetalDocument.swift in Sources */,
				9F3B39492998293C00C8357A /* ContentView.swift in Sources */,
				9F3B39B62999F22600C8357A /* EditorCommands.swift in Sources */,
				9F3B395D2998550700C8357A /* RenderConfiguration.swift in Sources */,
				9F3B396C299859C900C8357A /* ControlButtonStyle.swift in Sources */,
				9F3B397529993D8D00C8357A /* Renderer.swift in Sources */,
				9F3B3977299947CB00C8357A /* MetalUtil.swift in Sources */,
				9F3B39592998530D00C8357A /* EditorView.swift in Sources */,
				9F3B39472998293C00C8357A /* MetalToyApp.swift in Sources */,
				9F2F47C1299AF48100DD714C /* Viewer.swift in Sources */,
				9F3B39B92999F7F000C8357A /* SIMD+initFromCGPoint.swift in Sources */,
				9F3B397E29994AC600C8357A /* make_image.metal in Sources */,
				9F3B395B2998531100C8357A /* ControlsView.swift in Sources */,
				9F3B397329993C8C00C8357A /* RenderDelegate.swift in Sources */,
				9F252434299AA1950000037C /* ImageRenderer.swift in Sources */,
				9F3B39B42999F16200C8357A /* FocusedValues+document.swift in Sources */,
				9F3B397029993A0A00C8357A /* EditorControlsView.swift in Sources */,
				9F252436299AA5FD0000037C /* ExportDocument.swift in Sources */,
				9F3B396A299858C600C8357A /* ZoomControls.swift in Sources */,
				9F252438299AB4390000037C /* ExportOptionsSheet.swift in Sources */,
				9F3B39792999489600C8357A /* RenderView.swift in Sources */,
				9F3B3968299858B900C8357A /* LocationControls.swift in Sources */,
				9F252432299A9D1D0000037C /* MTLTexture+toImage.swift in Sources */,
				9F3B397C29994A1500C8357A /* render.metal in Sources */,
			);
			runOnlyForDeploymentPostprocessing = 0;
		};
		9F3B397F29994DFA00C8357A /* Sources */ = {
			isa = PBXSourcesBuildPhase;
			buildActionMask = 2147483647;
			files = (
				9F3B398929994E1600C8357A /* user_shader.metal in Sources */,
			);
			runOnlyForDeploymentPostprocessing = 0;
		};
/* End PBXSourcesBuildPhase section */

/* Begin PBXTargetDependency section */
		9F3B398C299951DC00C8357A /* PBXTargetDependency */ = {
			isa = PBXTargetDependency;
			target = 9F3B398029994DFA00C8357A /* UserShader */;
			targetProxy = 9F3B398B299951DC00C8357A /* PBXContainerItemProxy */;
		};
/* End PBXTargetDependency section */

/* Begin XCBuildConfiguration section */
		9F3B39502998293C00C8357A /* Debug */ = {
			isa = XCBuildConfiguration;
			buildSettings = {
				ALWAYS_SEARCH_USER_PATHS = NO;
				CLANG_ANALYZER_NONNULL = YES;
				CLANG_ANALYZER_NUMBER_OBJECT_CONVERSION = YES_AGGRESSIVE;
				CLANG_CXX_LANGUAGE_STANDARD = "gnu++20";
				CLANG_ENABLE_MODULES = YES;
				CLANG_ENABLE_OBJC_ARC = YES;
				CLANG_ENABLE_OBJC_WEAK = YES;
				CLANG_WARN_BLOCK_CAPTURE_AUTORELEASING = YES;
				CLANG_WARN_BOOL_CONVERSION = YES;
				CLANG_WARN_COMMA = YES;
				CLANG_WARN_CONSTANT_CONVERSION = YES;
				CLANG_WARN_DEPRECATED_OBJC_IMPLEMENTATIONS = YES;
				CLANG_WARN_DIRECT_OBJC_ISA_USAGE = YES_ERROR;
				CLANG_WARN_DOCUMENTATION_COMMENTS = YES;
				CLANG_WARN_EMPTY_BODY = YES;
				CLANG_WARN_ENUM_CONVERSION = YES;
				CLANG_WARN_INFINITE_RECURSION = YES;
				CLANG_WARN_INT_CONVERSION = YES;
				CLANG_WARN_NON_LITERAL_NULL_CONVERSION = YES;
				CLANG_WARN_OBJC_IMPLICIT_RETAIN_SELF = YES;
				CLANG_WARN_OBJC_LITERAL_CONVERSION = YES;
				CLANG_WARN_OBJC_ROOT_CLASS = YES_ERROR;
				CLANG_WARN_QUOTED_INCLUDE_IN_FRAMEWORK_HEADER = YES;
				CLANG_WARN_RANGE_LOOP_ANALYSIS = YES;
				CLANG_WARN_STRICT_PROTOTYPES = YES;
				CLANG_WARN_SUSPICIOUS_MOVE = YES;
				CLANG_WARN_UNGUARDED_AVAILABILITY = YES_AGGRESSIVE;
				CLANG_WARN_UNREACHABLE_CODE = YES;
				CLANG_WARN__DUPLICATE_METHOD_MATCH = YES;
				COPY_PHASE_STRIP = NO;
				DEBUG_INFORMATION_FORMAT = dwarf;
				ENABLE_STRICT_OBJC_MSGSEND = YES;
				ENABLE_TESTABILITY = YES;
				GCC_C_LANGUAGE_STANDARD = gnu11;
				GCC_DYNAMIC_NO_PIC = NO;
				GCC_NO_COMMON_BLOCKS = YES;
				GCC_OPTIMIZATION_LEVEL = 0;
				GCC_PREPROCESSOR_DEFINITIONS = (
					"DEBUG=1",
					"$(inherited)",
				);
				GCC_WARN_64_TO_32_BIT_CONVERSION = YES;
				GCC_WARN_ABOUT_RETURN_TYPE = YES_ERROR;
				GCC_WARN_UNDECLARED_SELECTOR = YES;
				GCC_WARN_UNINITIALIZED_AUTOS = YES_AGGRESSIVE;
				GCC_WARN_UNUSED_FUNCTION = YES;
				GCC_WARN_UNUSED_VARIABLE = YES;
				MTL_ENABLE_DEBUG_INFO = INCLUDE_SOURCE;
				MTL_FAST_MATH = YES;
				ONLY_ACTIVE_ARCH = YES;
				SWIFT_ACTIVE_COMPILATION_CONDITIONS = DEBUG;
				SWIFT_OPTIMIZATION_LEVEL = "-Onone";
			};
			name = Debug;
		};
		9F3B39512998293C00C8357A /* Release */ = {
			isa = XCBuildConfiguration;
			buildSettings = {
				ALWAYS_SEARCH_USER_PATHS = NO;
				CLANG_ANALYZER_NONNULL = YES;
				CLANG_ANALYZER_NUMBER_OBJECT_CONVERSION = YES_AGGRESSIVE;
				CLANG_CXX_LANGUAGE_STANDARD = "gnu++20";
				CLANG_ENABLE_MODULES = YES;
				CLANG_ENABLE_OBJC_ARC = YES;
				CLANG_ENABLE_OBJC_WEAK = YES;
				CLANG_WARN_BLOCK_CAPTURE_AUTORELEASING = YES;
				CLANG_WARN_BOOL_CONVERSION = YES;
				CLANG_WARN_COMMA = YES;
				CLANG_WARN_CONSTANT_CONVERSION = YES;
				CLANG_WARN_DEPRECATED_OBJC_IMPLEMENTATIONS = YES;
				CLANG_WARN_DIRECT_OBJC_ISA_USAGE = YES_ERROR;
				CLANG_WARN_DOCUMENTATION_COMMENTS = YES;
				CLANG_WARN_EMPTY_BODY = YES;
				CLANG_WARN_ENUM_CONVERSION = YES;
				CLANG_WARN_INFINITE_RECURSION = YES;
				CLANG_WARN_INT_CONVERSION = YES;
				CLANG_WARN_NON_LITERAL_NULL_CONVERSION = YES;
				CLANG_WARN_OBJC_IMPLICIT_RETAIN_SELF = YES;
				CLANG_WARN_OBJC_LITERAL_CONVERSION = YES;
				CLANG_WARN_OBJC_ROOT_CLASS = YES_ERROR;
				CLANG_WARN_QUOTED_INCLUDE_IN_FRAMEWORK_HEADER = YES;
				CLANG_WARN_RANGE_LOOP_ANALYSIS = YES;
				CLANG_WARN_STRICT_PROTOTYPES = YES;
				CLANG_WARN_SUSPICIOUS_MOVE = YES;
				CLANG_WARN_UNGUARDED_AVAILABILITY = YES_AGGRESSIVE;
				CLANG_WARN_UNREACHABLE_CODE = YES;
				CLANG_WARN__DUPLICATE_METHOD_MATCH = YES;
				COPY_PHASE_STRIP = NO;
				DEBUG_INFORMATION_FORMAT = "dwarf-with-dsym";
				ENABLE_NS_ASSERTIONS = NO;
				ENABLE_STRICT_OBJC_MSGSEND = YES;
				GCC_C_LANGUAGE_STANDARD = gnu11;
				GCC_NO_COMMON_BLOCKS = YES;
				GCC_WARN_64_TO_32_BIT_CONVERSION = YES;
				GCC_WARN_ABOUT_RETURN_TYPE = YES_ERROR;
				GCC_WARN_UNDECLARED_SELECTOR = YES;
				GCC_WARN_UNINITIALIZED_AUTOS = YES_AGGRESSIVE;
				GCC_WARN_UNUSED_FUNCTION = YES;
				GCC_WARN_UNUSED_VARIABLE = YES;
				MTL_ENABLE_DEBUG_INFO = NO;
				MTL_FAST_MATH = YES;
				SWIFT_COMPILATION_MODE = wholemodule;
				SWIFT_OPTIMIZATION_LEVEL = "-O";
			};
			name = Release;
		};
		9F3B39532998293C00C8357A /* Debug */ = {
			isa = XCBuildConfiguration;
			buildSettings = {
				ASSETCATALOG_COMPILER_APPICON_NAME = AppIcon;
				ASSETCATALOG_COMPILER_GLOBAL_ACCENT_COLOR_NAME = AccentColor;
				CLANG_ENABLE_MODULES = YES;
				CODE_SIGN_ENTITLEMENTS = MetalToy/MetalToy.entitlements;
				CODE_SIGN_STYLE = Automatic;
				CURRENT_PROJECT_VERSION = 1;
				DEVELOPMENT_ASSET_PATHS = "\"MetalToy/Preview Content\"";
				ENABLE_PREVIEWS = YES;
				GENERATE_INFOPLIST_FILE = YES;
				INFOPLIST_FILE = MetalToy/Info.plist;
				"INFOPLIST_KEY_UIApplicationSceneManifest_Generation[sdk=iphoneos*]" = YES;
				"INFOPLIST_KEY_UIApplicationSceneManifest_Generation[sdk=iphonesimulator*]" = YES;
				"INFOPLIST_KEY_UIApplicationSupportsIndirectInputEvents[sdk=iphoneos*]" = YES;
				"INFOPLIST_KEY_UIApplicationSupportsIndirectInputEvents[sdk=iphonesimulator*]" = YES;
				"INFOPLIST_KEY_UILaunchScreen_Generation[sdk=iphoneos*]" = YES;
				"INFOPLIST_KEY_UILaunchScreen_Generation[sdk=iphonesimulator*]" = YES;
				"INFOPLIST_KEY_UIStatusBarStyle[sdk=iphoneos*]" = UIStatusBarStyleDefault;
				"INFOPLIST_KEY_UIStatusBarStyle[sdk=iphonesimulator*]" = UIStatusBarStyleDefault;
				INFOPLIST_KEY_UISupportedInterfaceOrientations_iPad = "UIInterfaceOrientationPortrait UIInterfaceOrientationPortraitUpsideDown UIInterfaceOrientationLandscapeLeft UIInterfaceOrientationLandscapeRight";
				INFOPLIST_KEY_UISupportedInterfaceOrientations_iPhone = "UIInterfaceOrientationPortrait UIInterfaceOrientationLandscapeLeft UIInterfaceOrientationLandscapeRight";
				IPHONEOS_DEPLOYMENT_TARGET = 16.2;
				LD_RUNPATH_SEARCH_PATHS = "@executable_path/Frameworks";
				"LD_RUNPATH_SEARCH_PATHS[sdk=macosx*]" = "@executable_path/../Frameworks";
				MACOSX_DEPLOYMENT_TARGET = 13.0;
				MARKETING_VERSION = 1.0;
				MTLLINKER_FLAGS = "-L${TARGET_BUILD_DIR} -lUserShader";
				MTL_COMPILER_FLAGS = "";
				PRODUCT_BUNDLE_IDENTIFIER = com.thegail.MetalToy;
				PRODUCT_NAME = "$(TARGET_NAME)";
				SDKROOT = auto;
				SUPPORTED_PLATFORMS = "iphoneos iphonesimulator macosx";
				SWIFT_EMIT_LOC_STRINGS = YES;
				SWIFT_OBJC_BRIDGING_HEADER = MetalToy/bridging.h;
				SWIFT_OPTIMIZATION_LEVEL = "-Onone";
				SWIFT_VERSION = 5.0;
				TARGETED_DEVICE_FAMILY = "1,2";
			};
			name = Debug;
		};
		9F3B39542998293C00C8357A /* Release */ = {
			isa = XCBuildConfiguration;
			buildSettings = {
				ASSETCATALOG_COMPILER_APPICON_NAME = AppIcon;
				ASSETCATALOG_COMPILER_GLOBAL_ACCENT_COLOR_NAME = AccentColor;
				CLANG_ENABLE_MODULES = YES;
				CODE_SIGN_ENTITLEMENTS = MetalToy/MetalToy.entitlements;
				CODE_SIGN_STYLE = Automatic;
				CURRENT_PROJECT_VERSION = 1;
				DEVELOPMENT_ASSET_PATHS = "\"MetalToy/Preview Content\"";
				ENABLE_PREVIEWS = YES;
				GENERATE_INFOPLIST_FILE = YES;
				INFOPLIST_FILE = MetalToy/Info.plist;
				"INFOPLIST_KEY_UIApplicationSceneManifest_Generation[sdk=iphoneos*]" = YES;
				"INFOPLIST_KEY_UIApplicationSceneManifest_Generation[sdk=iphonesimulator*]" = YES;
				"INFOPLIST_KEY_UIApplicationSupportsIndirectInputEvents[sdk=iphoneos*]" = YES;
				"INFOPLIST_KEY_UIApplicationSupportsIndirectInputEvents[sdk=iphonesimulator*]" = YES;
				"INFOPLIST_KEY_UILaunchScreen_Generation[sdk=iphoneos*]" = YES;
				"INFOPLIST_KEY_UILaunchScreen_Generation[sdk=iphonesimulator*]" = YES;
				"INFOPLIST_KEY_UIStatusBarStyle[sdk=iphoneos*]" = UIStatusBarStyleDefault;
				"INFOPLIST_KEY_UIStatusBarStyle[sdk=iphonesimulator*]" = UIStatusBarStyleDefault;
				INFOPLIST_KEY_UISupportedInterfaceOrientations_iPad = "UIInterfaceOrientationPortrait UIInterfaceOrientationPortraitUpsideDown UIInterfaceOrientationLandscapeLeft UIInterfaceOrientationLandscapeRight";
				INFOPLIST_KEY_UISupportedInterfaceOrientations_iPhone = "UIInterfaceOrientationPortrait UIInterfaceOrientationLandscapeLeft UIInterfaceOrientationLandscapeRight";
				IPHONEOS_DEPLOYMENT_TARGET = 16.2;
				LD_RUNPATH_SEARCH_PATHS = "@executable_path/Frameworks";
				"LD_RUNPATH_SEARCH_PATHS[sdk=macosx*]" = "@executable_path/../Frameworks";
				MACOSX_DEPLOYMENT_TARGET = 13.0;
				MARKETING_VERSION = 1.0;
				MTLLINKER_FLAGS = "-L${TARGET_BUILD_DIR} -lUserShader";
				MTL_COMPILER_FLAGS = "";
				PRODUCT_BUNDLE_IDENTIFIER = com.thegail.MetalToy;
				PRODUCT_NAME = "$(TARGET_NAME)";
				SDKROOT = auto;
				SUPPORTED_PLATFORMS = "iphoneos iphonesimulator macosx";
				SWIFT_EMIT_LOC_STRINGS = YES;
				SWIFT_OBJC_BRIDGING_HEADER = MetalToy/bridging.h;
				SWIFT_VERSION = 5.0;
				TARGETED_DEVICE_FAMILY = "1,2";
			};
			name = Release;
		};
		9F3B398629994DFA00C8357A /* Debug */ = {
			isa = XCBuildConfiguration;
			buildSettings = {
				CODE_SIGN_STYLE = Automatic;
				INSTALL_PATH = "${TARGET_BUILD_DIR}";
				MACOSX_DEPLOYMENT_TARGET = 13.0;
				MTLLINKER_FLAGS = "-dynamiclib -install_name \"@executable_path/libUserShader.metallib\"";
				PRODUCT_NAME = "lib$(TARGET_NAME)";
				SDKROOT = macosx;
			};
			name = Debug;
		};
		9F3B398729994DFA00C8357A /* Release */ = {
			isa = XCBuildConfiguration;
			buildSettings = {
				CODE_SIGN_STYLE = Automatic;
				INSTALL_PATH = "${TARGET_BUILD_DIR}";
				MACOSX_DEPLOYMENT_TARGET = 13.0;
				MTLLINKER_FLAGS = "-dynamiclib -install_name \"@executable_path/libUserShader.metallib\"";
				PRODUCT_NAME = "lib$(TARGET_NAME)";
				SDKROOT = macosx;
			};
			name = Release;
		};
/* End XCBuildConfiguration section */

/* Begin XCConfigurationList section */
		9F3B393E2998293C00C8357A /* Build configuration list for PBXProject "MetalToy" */ = {
			isa = XCConfigurationList;
			buildConfigurations = (
				9F3B39502998293C00C8357A /* Debug */,
				9F3B39512998293C00C8357A /* Release */,
			);
			defaultConfigurationIsVisible = 0;
			defaultConfigurationName = Release;
		};
		9F3B39522998293C00C8357A /* Build configuration list for PBXNativeTarget "MetalToy" */ = {
			isa = XCConfigurationList;
			buildConfigurations = (
				9F3B39532998293C00C8357A /* Debug */,
				9F3B39542998293C00C8357A /* Release */,
			);
			defaultConfigurationIsVisible = 0;
			defaultConfigurationName = Release;
		};
		9F3B398529994DFA00C8357A /* Build configuration list for PBXNativeTarget "UserShader" */ = {
			isa = XCConfigurationList;
			buildConfigurations = (
				9F3B398629994DFA00C8357A /* Debug */,
				9F3B398729994DFA00C8357A /* Release */,
			);
			defaultConfigurationIsVisible = 0;
			defaultConfigurationName = Release;
		};
/* End XCConfigurationList section */
	};
	rootObject = 9F3B393B2998293C00C8357A /* Project object */;
}
