// !$*UTF8*$!
{
	archiveVersion = 1;
	classes = {
	};
	objectVersion = 56;
	objects = {

/* Begin PBXBuildFile section */
		9F3B4DEC299B04D800979AEA /* MetalPlaygroundApp.swift in Sources */ = {isa = PBXBuildFile; fileRef = 9F3B4DEB299B04D800979AEA /* MetalPlaygroundApp.swift */; };
		9F3B4DF2299B04D900979AEA /* Assets.xcassets in Resources */ = {isa = PBXBuildFile; fileRef = 9F3B4DF1299B04D900979AEA /* Assets.xcassets */; };
		9F3B4DF7299B04D900979AEA /* Preview Assets.xcassets in Resources */ = {isa = PBXBuildFile; fileRef = 9F3B4DF6299B04D900979AEA /* Preview Assets.xcassets */; };
		9F3B4E1E299B05D000979AEA /* EditorCommands.swift in Sources */ = {isa = PBXBuildFile; fileRef = 9F3B4DFD299B05CF00979AEA /* EditorCommands.swift */; };
		9F3B4E1F299B05D000979AEA /* ExportDocument.swift in Sources */ = {isa = PBXBuildFile; fileRef = 9F3B4DFF299B05CF00979AEA /* ExportDocument.swift */; };
		9F3B4E20299B05D000979AEA /* FocusedValues+document.swift in Sources */ = {isa = PBXBuildFile; fileRef = 9F3B4E00299B05CF00979AEA /* FocusedValues+document.swift */; };
		9F3B4E21299B05D000979AEA /* SIMD+initFromCGPoint.swift in Sources */ = {isa = PBXBuildFile; fileRef = 9F3B4E01299B05CF00979AEA /* SIMD+initFromCGPoint.swift */; };
		9F3B4E22299B05D000979AEA /* MetalDocument.swift in Sources */ = {isa = PBXBuildFile; fileRef = 9F3B4E02299B05CF00979AEA /* MetalDocument.swift */; };
		9F3B4E23299B05D000979AEA /* render.metal in Sources */ = {isa = PBXBuildFile; fileRef = 9F3B4E06299B05D000979AEA /* render.metal */; };
		9F3B4E25299B05D000979AEA /* make_image.metal in Sources */ = {isa = PBXBuildFile; fileRef = 9F3B4E09299B05D000979AEA /* make_image.metal */; };
		9F3B4E26299B05D000979AEA /* RenderDelegate.swift in Sources */ = {isa = PBXBuildFile; fileRef = 9F3B4E0A299B05D000979AEA /* RenderDelegate.swift */; };
		9F3B4E27299B05D000979AEA /* ImageRenderer.swift in Sources */ = {isa = PBXBuildFile; fileRef = 9F3B4E0B299B05D000979AEA /* ImageRenderer.swift */; };
		9F3B4E28299B05D000979AEA /* MetalUtil.swift in Sources */ = {isa = PBXBuildFile; fileRef = 9F3B4E0C299B05D000979AEA /* MetalUtil.swift */; };
		9F3B4E29299B05D000979AEA /* RenderView.swift in Sources */ = {isa = PBXBuildFile; fileRef = 9F3B4E0D299B05D000979AEA /* RenderView.swift */; };
		9F3B4E2A299B05D000979AEA /* MTLTexture+toImage.swift in Sources */ = {isa = PBXBuildFile; fileRef = 9F3B4E0E299B05D000979AEA /* MTLTexture+toImage.swift */; };
		9F3B4E2B299B05D000979AEA /* Renderer.swift in Sources */ = {isa = PBXBuildFile; fileRef = 9F3B4E0F299B05D000979AEA /* Renderer.swift */; };
		9F3B4E2C299B05D000979AEA /* RenderConfiguration.swift in Sources */ = {isa = PBXBuildFile; fileRef = 9F3B4E11299B05D000979AEA /* RenderConfiguration.swift */; };
		9F3B4E2D299B05D000979AEA /* RenderWrapper.swift in Sources */ = {isa = PBXBuildFile; fileRef = 9F3B4E13299B05D000979AEA /* RenderWrapper.swift */; };
		9F3B4E2E299B05D000979AEA /* EditorControlsView.swift in Sources */ = {isa = PBXBuildFile; fileRef = 9F3B4E14299B05D000979AEA /* EditorControlsView.swift */; };
		9F3B4E2F299B05D000979AEA /* ControlButtonStyle.swift in Sources */ = {isa = PBXBuildFile; fileRef = 9F3B4E16299B05D000979AEA /* ControlButtonStyle.swift */; };
		9F3B4E30299B05D000979AEA /* ZoomControls.swift in Sources */ = {isa = PBXBuildFile; fileRef = 9F3B4E17299B05D000979AEA /* ZoomControls.swift */; };
		9F3B4E31299B05D000979AEA /* LocationControls.swift in Sources */ = {isa = PBXBuildFile; fileRef = 9F3B4E18299B05D000979AEA /* LocationControls.swift */; };
		9F3B4E32299B05D000979AEA /* Viewer.swift in Sources */ = {isa = PBXBuildFile; fileRef = 9F3B4E19299B05D000979AEA /* Viewer.swift */; };
		9F3B4E33299B05D000979AEA /* ExportOptionsSheet.swift in Sources */ = {isa = PBXBuildFile; fileRef = 9F3B4E1A299B05D000979AEA /* ExportOptionsSheet.swift */; };
		9F3B4E34299B05D000979AEA /* ControlsView.swift in Sources */ = {isa = PBXBuildFile; fileRef = 9F3B4E1B299B05D000979AEA /* ControlsView.swift */; };
		9F3B4E35299B05D000979AEA /* EditorView.swift in Sources */ = {isa = PBXBuildFile; fileRef = 9F3B4E1C299B05D000979AEA /* EditorView.swift */; };
		9F3B4E36299B05D000979AEA /* ContentView.swift in Sources */ = {isa = PBXBuildFile; fileRef = 9F3B4E1D299B05D000979AEA /* ContentView.swift */; };
		9F3B4E40299B34C900979AEA /* user_shader.metal in Sources */ = {isa = PBXBuildFile; fileRef = 9F3B4E07299B05D000979AEA /* user_shader.metal */; };
		9F3B4E41299B35A300979AEA /* libUserShader.metallib in Resources */ = {isa = PBXBuildFile; fileRef = 9F3B4E39299B34C400979AEA /* libUserShader.metallib */; };
/* End PBXBuildFile section */

/* Begin PBXFileReference section */
		9F3B4DE8299B04D800979AEA /* MetalPlayground.app */ = {isa = PBXFileReference; explicitFileType = wrapper.application; includeInIndex = 0; path = MetalPlayground.app; sourceTree = BUILT_PRODUCTS_DIR; };
		9F3B4DEB299B04D800979AEA /* MetalPlaygroundApp.swift */ = {isa = PBXFileReference; lastKnownFileType = sourcecode.swift; path = MetalPlaygroundApp.swift; sourceTree = "<group>"; };
		9F3B4DF1299B04D900979AEA /* Assets.xcassets */ = {isa = PBXFileReference; lastKnownFileType = folder.assetcatalog; path = Assets.xcassets; sourceTree = "<group>"; };
		9F3B4DF3299B04D900979AEA /* Info.plist */ = {isa = PBXFileReference; lastKnownFileType = text.plist.xml; path = Info.plist; sourceTree = "<group>"; };
		9F3B4DF4299B04D900979AEA /* MetalPlayground.entitlements */ = {isa = PBXFileReference; lastKnownFileType = text.plist.entitlements; path = MetalPlayground.entitlements; sourceTree = "<group>"; };
		9F3B4DF6299B04D900979AEA /* Preview Assets.xcassets */ = {isa = PBXFileReference; lastKnownFileType = folder.assetcatalog; path = "Preview Assets.xcassets"; sourceTree = "<group>"; };
		9F3B4DFD299B05CF00979AEA /* EditorCommands.swift */ = {isa = PBXFileReference; fileEncoding = 4; lastKnownFileType = sourcecode.swift; path = EditorCommands.swift; sourceTree = "<group>"; };
		9F3B4DFF299B05CF00979AEA /* ExportDocument.swift */ = {isa = PBXFileReference; fileEncoding = 4; lastKnownFileType = sourcecode.swift; path = ExportDocument.swift; sourceTree = "<group>"; };
		9F3B4E00299B05CF00979AEA /* FocusedValues+document.swift */ = {isa = PBXFileReference; fileEncoding = 4; lastKnownFileType = sourcecode.swift; path = "FocusedValues+document.swift"; sourceTree = "<group>"; };
		9F3B4E01299B05CF00979AEA /* SIMD+initFromCGPoint.swift */ = {isa = PBXFileReference; fileEncoding = 4; lastKnownFileType = sourcecode.swift; path = "SIMD+initFromCGPoint.swift"; sourceTree = "<group>"; };
		9F3B4E02299B05CF00979AEA /* MetalDocument.swift */ = {isa = PBXFileReference; fileEncoding = 4; lastKnownFileType = sourcecode.swift; path = MetalDocument.swift; sourceTree = "<group>"; };
		9F3B4E03299B05CF00979AEA /* bridging.h */ = {isa = PBXFileReference; fileEncoding = 4; lastKnownFileType = sourcecode.c.h; path = bridging.h; sourceTree = "<group>"; };
		9F3B4E06299B05D000979AEA /* render.metal */ = {isa = PBXFileReference; fileEncoding = 4; lastKnownFileType = sourcecode.metal; path = render.metal; sourceTree = "<group>"; };
		9F3B4E07299B05D000979AEA /* user_shader.metal */ = {isa = PBXFileReference; fileEncoding = 4; lastKnownFileType = sourcecode.metal; path = user_shader.metal; sourceTree = "<group>"; };
		9F3B4E08299B05D000979AEA /* user_shader.h */ = {isa = PBXFileReference; fileEncoding = 4; lastKnownFileType = sourcecode.c.h; path = user_shader.h; sourceTree = "<group>"; };
		9F3B4E09299B05D000979AEA /* make_image.metal */ = {isa = PBXFileReference; fileEncoding = 4; lastKnownFileType = sourcecode.metal; path = make_image.metal; sourceTree = "<group>"; };
		9F3B4E0A299B05D000979AEA /* RenderDelegate.swift */ = {isa = PBXFileReference; fileEncoding = 4; lastKnownFileType = sourcecode.swift; path = RenderDelegate.swift; sourceTree = "<group>"; };
		9F3B4E0B299B05D000979AEA /* ImageRenderer.swift */ = {isa = PBXFileReference; fileEncoding = 4; lastKnownFileType = sourcecode.swift; path = ImageRenderer.swift; sourceTree = "<group>"; };
		9F3B4E0C299B05D000979AEA /* MetalUtil.swift */ = {isa = PBXFileReference; fileEncoding = 4; lastKnownFileType = sourcecode.swift; path = MetalUtil.swift; sourceTree = "<group>"; };
		9F3B4E0D299B05D000979AEA /* RenderView.swift */ = {isa = PBXFileReference; fileEncoding = 4; lastKnownFileType = sourcecode.swift; path = RenderView.swift; sourceTree = "<group>"; };
		9F3B4E0E299B05D000979AEA /* MTLTexture+toImage.swift */ = {isa = PBXFileReference; fileEncoding = 4; lastKnownFileType = sourcecode.swift; path = "MTLTexture+toImage.swift"; sourceTree = "<group>"; };
		9F3B4E0F299B05D000979AEA /* Renderer.swift */ = {isa = PBXFileReference; fileEncoding = 4; lastKnownFileType = sourcecode.swift; path = Renderer.swift; sourceTree = "<group>"; };
		9F3B4E10299B05D000979AEA /* render_config.h */ = {isa = PBXFileReference; fileEncoding = 4; lastKnownFileType = sourcecode.c.h; path = render_config.h; sourceTree = "<group>"; };
		9F3B4E11299B05D000979AEA /* RenderConfiguration.swift */ = {isa = PBXFileReference; fileEncoding = 4; lastKnownFileType = sourcecode.swift; path = RenderConfiguration.swift; sourceTree = "<group>"; };
		9F3B4E13299B05D000979AEA /* RenderWrapper.swift */ = {isa = PBXFileReference; fileEncoding = 4; lastKnownFileType = sourcecode.swift; path = RenderWrapper.swift; sourceTree = "<group>"; };
		9F3B4E14299B05D000979AEA /* EditorControlsView.swift */ = {isa = PBXFileReference; fileEncoding = 4; lastKnownFileType = sourcecode.swift; path = EditorControlsView.swift; sourceTree = "<group>"; };
		9F3B4E16299B05D000979AEA /* ControlButtonStyle.swift */ = {isa = PBXFileReference; fileEncoding = 4; lastKnownFileType = sourcecode.swift; path = ControlButtonStyle.swift; sourceTree = "<group>"; };
		9F3B4E17299B05D000979AEA /* ZoomControls.swift */ = {isa = PBXFileReference; fileEncoding = 4; lastKnownFileType = sourcecode.swift; path = ZoomControls.swift; sourceTree = "<group>"; };
		9F3B4E18299B05D000979AEA /* LocationControls.swift */ = {isa = PBXFileReference; fileEncoding = 4; lastKnownFileType = sourcecode.swift; path = LocationControls.swift; sourceTree = "<group>"; };
		9F3B4E19299B05D000979AEA /* Viewer.swift */ = {isa = PBXFileReference; fileEncoding = 4; lastKnownFileType = sourcecode.swift; path = Viewer.swift; sourceTree = "<group>"; };
		9F3B4E1A299B05D000979AEA /* ExportOptionsSheet.swift */ = {isa = PBXFileReference; fileEncoding = 4; lastKnownFileType = sourcecode.swift; path = ExportOptionsSheet.swift; sourceTree = "<group>"; };
		9F3B4E1B299B05D000979AEA /* ControlsView.swift */ = {isa = PBXFileReference; fileEncoding = 4; lastKnownFileType = sourcecode.swift; path = ControlsView.swift; sourceTree = "<group>"; };
		9F3B4E1C299B05D000979AEA /* EditorView.swift */ = {isa = PBXFileReference; fileEncoding = 4; lastKnownFileType = sourcecode.swift; path = EditorView.swift; sourceTree = "<group>"; };
		9F3B4E1D299B05D000979AEA /* ContentView.swift */ = {isa = PBXFileReference; fileEncoding = 4; lastKnownFileType = sourcecode.swift; path = ContentView.swift; sourceTree = "<group>"; };
		9F3B4E39299B34C400979AEA /* libUserShader.metallib */ = {isa = PBXFileReference; explicitFileType = "archive.metal-library"; includeInIndex = 0; path = libUserShader.metallib; sourceTree = BUILT_PRODUCTS_DIR; };
/* End PBXFileReference section */

/* Begin PBXFrameworksBuildPhase section */
		9F3B4DE5299B04D800979AEA /* Frameworks */ = {
			isa = PBXFrameworksBuildPhase;
			buildActionMask = 2147483647;
			files = (
			);
			runOnlyForDeploymentPostprocessing = 0;
		};
/* End PBXFrameworksBuildPhase section */

/* Begin PBXGroup section */
		9F3B4DDF299B04D800979AEA = {
			isa = PBXGroup;
			children = (
				9F3B4DEA299B04D800979AEA /* MetalPlayground */,
				9F3B4DE9299B04D800979AEA /* Products */,
			);
			sourceTree = "<group>";
		};
		9F3B4DE9299B04D800979AEA /* Products */ = {
			isa = PBXGroup;
			children = (
				9F3B4DE8299B04D800979AEA /* MetalPlayground.app */,
				9F3B4E39299B34C400979AEA /* libUserShader.metallib */,
			);
			name = Products;
			sourceTree = "<group>";
		};
		9F3B4DEA299B04D800979AEA /* MetalPlayground */ = {
			isa = PBXGroup;
			children = (
				9F3B4DEB299B04D800979AEA /* MetalPlaygroundApp.swift */,
				9F3B4DFD299B05CF00979AEA /* EditorCommands.swift */,
				9F3B4E02299B05CF00979AEA /* MetalDocument.swift */,
				9F3B4E10299B05D000979AEA /* render_config.h */,
				9F3B4E11299B05D000979AEA /* RenderConfiguration.swift */,
				9F3B4E04299B05D000979AEA /* Render */,
				9F3B4DFE299B05CF00979AEA /* Utils */,
				9F3B4E12299B05D000979AEA /* Views */,
				9F3B4DF1299B04D900979AEA /* Assets.xcassets */,
				9F3B4DF3299B04D900979AEA /* Info.plist */,
				9F3B4DF4299B04D900979AEA /* MetalPlayground.entitlements */,
				9F3B4E03299B05CF00979AEA /* bridging.h */,
				9F3B4DF5299B04D900979AEA /* Preview Content */,
			);
			path = MetalPlayground;
			sourceTree = "<group>";
		};
		9F3B4DF5299B04D900979AEA /* Preview Content */ = {
			isa = PBXGroup;
			children = (
				9F3B4DF6299B04D900979AEA /* Preview Assets.xcassets */,
			);
			path = "Preview Content";
			sourceTree = "<group>";
		};
		9F3B4DFE299B05CF00979AEA /* Utils */ = {
			isa = PBXGroup;
			children = (
				9F3B4DFF299B05CF00979AEA /* ExportDocument.swift */,
				9F3B4E00299B05CF00979AEA /* FocusedValues+document.swift */,
				9F3B4E01299B05CF00979AEA /* SIMD+initFromCGPoint.swift */,
			);
			path = Utils;
			sourceTree = "<group>";
		};
		9F3B4E04299B05D000979AEA /* Render */ = {
			isa = PBXGroup;
			children = (
				9F3B4E05299B05D000979AEA /* Shaders */,
				9F3B4E0A299B05D000979AEA /* RenderDelegate.swift */,
				9F3B4E0B299B05D000979AEA /* ImageRenderer.swift */,
				9F3B4E0C299B05D000979AEA /* MetalUtil.swift */,
				9F3B4E0D299B05D000979AEA /* RenderView.swift */,
				9F3B4E0E299B05D000979AEA /* MTLTexture+toImage.swift */,
				9F3B4E0F299B05D000979AEA /* Renderer.swift */,
			);
			path = Render;
			sourceTree = "<group>";
		};
		9F3B4E05299B05D000979AEA /* Shaders */ = {
			isa = PBXGroup;
			children = (
				9F3B4E06299B05D000979AEA /* render.metal */,
				9F3B4E07299B05D000979AEA /* user_shader.metal */,
				9F3B4E08299B05D000979AEA /* user_shader.h */,
				9F3B4E09299B05D000979AEA /* make_image.metal */,
			);
			path = Shaders;
			sourceTree = "<group>";
		};
		9F3B4E12299B05D000979AEA /* Views */ = {
			isa = PBXGroup;
			children = (
				9F3B4E13299B05D000979AEA /* RenderWrapper.swift */,
				9F3B4E14299B05D000979AEA /* EditorControlsView.swift */,
				9F3B4E15299B05D000979AEA /* Controls */,
				9F3B4E19299B05D000979AEA /* Viewer.swift */,
				9F3B4E1A299B05D000979AEA /* ExportOptionsSheet.swift */,
				9F3B4E1B299B05D000979AEA /* ControlsView.swift */,
				9F3B4E1C299B05D000979AEA /* EditorView.swift */,
				9F3B4E1D299B05D000979AEA /* ContentView.swift */,
			);
			path = Views;
			sourceTree = "<group>";
		};
		9F3B4E15299B05D000979AEA /* Controls */ = {
			isa = PBXGroup;
			children = (
				9F3B4E16299B05D000979AEA /* ControlButtonStyle.swift */,
				9F3B4E17299B05D000979AEA /* ZoomControls.swift */,
				9F3B4E18299B05D000979AEA /* LocationControls.swift */,
			);
			path = Controls;
			sourceTree = "<group>";
		};
/* End PBXGroup section */

/* Begin PBXNativeTarget section */
		9F3B4DE7299B04D800979AEA /* MetalPlayground */ = {
			isa = PBXNativeTarget;
			buildConfigurationList = 9F3B4DFA299B04D900979AEA /* Build configuration list for PBXNativeTarget "MetalPlayground" */;
			buildPhases = (
				9F3B4DE4299B04D800979AEA /* Sources */,
				9F3B4DE5299B04D800979AEA /* Frameworks */,
				9F3B4DE6299B04D800979AEA /* Resources */,
			);
			buildRules = (
			);
			dependencies = (
			);
			name = MetalPlayground;
			productName = MetalPlayground;
			productReference = 9F3B4DE8299B04D800979AEA /* MetalPlayground.app */;
			productType = "com.apple.product-type.application";
		};
		9F3B4E38299B34C400979AEA /* UserShader */ = {
			isa = PBXNativeTarget;
			buildConfigurationList = 9F3B4E3D299B34C400979AEA /* Build configuration list for PBXNativeTarget "UserShader" */;
			buildPhases = (
				9F3B4E37299B34C400979AEA /* Sources */,
			);
			buildRules = (
			);
			dependencies = (
			);
			name = UserShader;
			productName = UserShader;
			productReference = 9F3B4E39299B34C400979AEA /* libUserShader.metallib */;
			productType = "com.apple.product-type.metal-library";
		};
/* End PBXNativeTarget section */

/* Begin PBXProject section */
		9F3B4DE0299B04D800979AEA /* Project object */ = {
			isa = PBXProject;
			attributes = {
				BuildIndependentTargetsInParallel = 1;
				LastSwiftUpdateCheck = 1420;
				LastUpgradeCheck = 1420;
				TargetAttributes = {
					9F3B4DE7299B04D800979AEA = {
						CreatedOnToolsVersion = 14.2;
					};
					9F3B4E38299B34C400979AEA = {
						CreatedOnToolsVersion = 14.2;
					};
				};
			};
			buildConfigurationList = 9F3B4DE3299B04D800979AEA /* Build configuration list for PBXProject "MetalPlayground" */;
			compatibilityVersion = "Xcode 14.0";
			developmentRegion = en;
			hasScannedForEncodings = 0;
			knownRegions = (
				en,
				Base,
			);
			mainGroup = 9F3B4DDF299B04D800979AEA;
			productRefGroup = 9F3B4DE9299B04D800979AEA /* Products */;
			projectDirPath = "";
			projectRoot = "";
			targets = (
				9F3B4DE7299B04D800979AEA /* MetalPlayground */,
				9F3B4E38299B34C400979AEA /* UserShader */,
			);
		};
/* End PBXProject section */

/* Begin PBXResourcesBuildPhase section */
		9F3B4DE6299B04D800979AEA /* Resources */ = {
			isa = PBXResourcesBuildPhase;
			buildActionMask = 2147483647;
			files = (
				9F3B4E41299B35A300979AEA /* libUserShader.metallib in Resources */,
				9F3B4DF7299B04D900979AEA /* Preview Assets.xcassets in Resources */,
				9F3B4DF2299B04D900979AEA /* Assets.xcassets in Resources */,
			);
			runOnlyForDeploymentPostprocessing = 0;
		};
/* End PBXResourcesBuildPhase section */

/* Begin PBXSourcesBuildPhase section */
		9F3B4DE4299B04D800979AEA /* Sources */ = {
			isa = PBXSourcesBuildPhase;
			buildActionMask = 2147483647;
			files = (
				9F3B4E2E299B05D000979AEA /* EditorControlsView.swift in Sources */,
				9F3B4E2C299B05D000979AEA /* RenderConfiguration.swift in Sources */,
				9F3B4E2B299B05D000979AEA /* Renderer.swift in Sources */,
				9F3B4E32299B05D000979AEA /* Viewer.swift in Sources */,
				9F3B4E1F299B05D000979AEA /* ExportDocument.swift in Sources */,
				9F3B4E2F299B05D000979AEA /* ControlButtonStyle.swift in Sources */,
				9F3B4E21299B05D000979AEA /* SIMD+initFromCGPoint.swift in Sources */,
				9F3B4E2D299B05D000979AEA /* RenderWrapper.swift in Sources */,
				9F3B4E25299B05D000979AEA /* make_image.metal in Sources */,
				9F3B4E33299B05D000979AEA /* ExportOptionsSheet.swift in Sources */,
				9F3B4E27299B05D000979AEA /* ImageRenderer.swift in Sources */,
				9F3B4E28299B05D000979AEA /* MetalUtil.swift in Sources */,
				9F3B4DEC299B04D800979AEA /* MetalPlaygroundApp.swift in Sources */,
				9F3B4E36299B05D000979AEA /* ContentView.swift in Sources */,
				9F3B4E30299B05D000979AEA /* ZoomControls.swift in Sources */,
				9F3B4E22299B05D000979AEA /* MetalDocument.swift in Sources */,
				9F3B4E26299B05D000979AEA /* RenderDelegate.swift in Sources */,
				9F3B4E23299B05D000979AEA /* render.metal in Sources */,
				9F3B4E1E299B05D000979AEA /* EditorCommands.swift in Sources */,
				9F3B4E29299B05D000979AEA /* RenderView.swift in Sources */,
				9F3B4E35299B05D000979AEA /* EditorView.swift in Sources */,
				9F3B4E2A299B05D000979AEA /* MTLTexture+toImage.swift in Sources */,
				9F3B4E31299B05D000979AEA /* LocationControls.swift in Sources */,
				9F3B4E34299B05D000979AEA /* ControlsView.swift in Sources */,
				9F3B4E20299B05D000979AEA /* FocusedValues+document.swift in Sources */,
			);
			runOnlyForDeploymentPostprocessing = 0;
		};
		9F3B4E37299B34C400979AEA /* Sources */ = {
			isa = PBXSourcesBuildPhase;
			buildActionMask = 2147483647;
			files = (
				9F3B4E40299B34C900979AEA /* user_shader.metal in Sources */,
			);
			runOnlyForDeploymentPostprocessing = 0;
		};
/* End PBXSourcesBuildPhase section */

/* Begin XCBuildConfiguration section */
		9F3B4DF8299B04D900979AEA /* Debug */ = {
			isa = XCBuildConfiguration;
			buildSettings = {
				ALWAYS_SEARCH_USER_PATHS = NO;
				CLANG_ANALYZER_NONNULL = YES;
				CLANG_ANALYZER_NUMBER_OBJECT_CONVERSION = YES_AGGRESSIVE;
				CLANG_CXX_LANGUAGE_STANDARD = "gnu++20";
				CLANG_ENABLE_MODULES = YES;
				CLANG_ENABLE_OBJC_ARC = YES;
				CLANG_ENABLE_OBJC_WEAK = YES;
				CLANG_WARN_BLOCK_CAPTURE_AUTORELEASING = YES;
				CLANG_WARN_BOOL_CONVERSION = YES;
				CLANG_WARN_COMMA = YES;
				CLANG_WARN_CONSTANT_CONVERSION = YES;
				CLANG_WARN_DEPRECATED_OBJC_IMPLEMENTATIONS = YES;
				CLANG_WARN_DIRECT_OBJC_ISA_USAGE = YES_ERROR;
				CLANG_WARN_DOCUMENTATION_COMMENTS = YES;
				CLANG_WARN_EMPTY_BODY = YES;
				CLANG_WARN_ENUM_CONVERSION = YES;
				CLANG_WARN_INFINITE_RECURSION = YES;
				CLANG_WARN_INT_CONVERSION = YES;
				CLANG_WARN_NON_LITERAL_NULL_CONVERSION = YES;
				CLANG_WARN_OBJC_IMPLICIT_RETAIN_SELF = YES;
				CLANG_WARN_OBJC_LITERAL_CONVERSION = YES;
				CLANG_WARN_OBJC_ROOT_CLASS = YES_ERROR;
				CLANG_WARN_QUOTED_INCLUDE_IN_FRAMEWORK_HEADER = YES;
				CLANG_WARN_RANGE_LOOP_ANALYSIS = YES;
				CLANG_WARN_STRICT_PROTOTYPES = YES;
				CLANG_WARN_SUSPICIOUS_MOVE = YES;
				CLANG_WARN_UNGUARDED_AVAILABILITY = YES_AGGRESSIVE;
				CLANG_WARN_UNREACHABLE_CODE = YES;
				CLANG_WARN__DUPLICATE_METHOD_MATCH = YES;
				COPY_PHASE_STRIP = NO;
				DEBUG_INFORMATION_FORMAT = dwarf;
				ENABLE_STRICT_OBJC_MSGSEND = YES;
				ENABLE_TESTABILITY = YES;
				GCC_C_LANGUAGE_STANDARD = gnu11;
				GCC_DYNAMIC_NO_PIC = NO;
				GCC_NO_COMMON_BLOCKS = YES;
				GCC_OPTIMIZATION_LEVEL = 0;
				GCC_PREPROCESSOR_DEFINITIONS = (
					"DEBUG=1",
					"$(inherited)",
				);
				GCC_WARN_64_TO_32_BIT_CONVERSION = YES;
				GCC_WARN_ABOUT_RETURN_TYPE = YES_ERROR;
				GCC_WARN_UNDECLARED_SELECTOR = YES;
				GCC_WARN_UNINITIALIZED_AUTOS = YES_AGGRESSIVE;
				GCC_WARN_UNUSED_FUNCTION = YES;
				GCC_WARN_UNUSED_VARIABLE = YES;
				MTL_ENABLE_DEBUG_INFO = INCLUDE_SOURCE;
				MTL_FAST_MATH = YES;
				ONLY_ACTIVE_ARCH = YES;
				SWIFT_ACTIVE_COMPILATION_CONDITIONS = DEBUG;
				SWIFT_OPTIMIZATION_LEVEL = "-Onone";
			};
			name = Debug;
		};
		9F3B4DF9299B04D900979AEA /* Release */ = {
			isa = XCBuildConfiguration;
			buildSettings = {
				ALWAYS_SEARCH_USER_PATHS = NO;
				CLANG_ANALYZER_NONNULL = YES;
				CLANG_ANALYZER_NUMBER_OBJECT_CONVERSION = YES_AGGRESSIVE;
				CLANG_CXX_LANGUAGE_STANDARD = "gnu++20";
				CLANG_ENABLE_MODULES = YES;
				CLANG_ENABLE_OBJC_ARC = YES;
				CLANG_ENABLE_OBJC_WEAK = YES;
				CLANG_WARN_BLOCK_CAPTURE_AUTORELEASING = YES;
				CLANG_WARN_BOOL_CONVERSION = YES;
				CLANG_WARN_COMMA = YES;
				CLANG_WARN_CONSTANT_CONVERSION = YES;
				CLANG_WARN_DEPRECATED_OBJC_IMPLEMENTATIONS = YES;
				CLANG_WARN_DIRECT_OBJC_ISA_USAGE = YES_ERROR;
				CLANG_WARN_DOCUMENTATION_COMMENTS = YES;
				CLANG_WARN_EMPTY_BODY = YES;
				CLANG_WARN_ENUM_CONVERSION = YES;
				CLANG_WARN_INFINITE_RECURSION = YES;
				CLANG_WARN_INT_CONVERSION = YES;
				CLANG_WARN_NON_LITERAL_NULL_CONVERSION = YES;
				CLANG_WARN_OBJC_IMPLICIT_RETAIN_SELF = YES;
				CLANG_WARN_OBJC_LITERAL_CONVERSION = YES;
				CLANG_WARN_OBJC_ROOT_CLASS = YES_ERROR;
				CLANG_WARN_QUOTED_INCLUDE_IN_FRAMEWORK_HEADER = YES;
				CLANG_WARN_RANGE_LOOP_ANALYSIS = YES;
				CLANG_WARN_STRICT_PROTOTYPES = YES;
				CLANG_WARN_SUSPICIOUS_MOVE = YES;
				CLANG_WARN_UNGUARDED_AVAILABILITY = YES_AGGRESSIVE;
				CLANG_WARN_UNREACHABLE_CODE = YES;
				CLANG_WARN__DUPLICATE_METHOD_MATCH = YES;
				COPY_PHASE_STRIP = NO;
				DEBUG_INFORMATION_FORMAT = "dwarf-with-dsym";
				ENABLE_NS_ASSERTIONS = NO;
				ENABLE_STRICT_OBJC_MSGSEND = YES;
				GCC_C_LANGUAGE_STANDARD = gnu11;
				GCC_NO_COMMON_BLOCKS = YES;
				GCC_WARN_64_TO_32_BIT_CONVERSION = YES;
				GCC_WARN_ABOUT_RETURN_TYPE = YES_ERROR;
				GCC_WARN_UNDECLARED_SELECTOR = YES;
				GCC_WARN_UNINITIALIZED_AUTOS = YES_AGGRESSIVE;
				GCC_WARN_UNUSED_FUNCTION = YES;
				GCC_WARN_UNUSED_VARIABLE = YES;
				MTL_ENABLE_DEBUG_INFO = NO;
				MTL_FAST_MATH = YES;
				SWIFT_COMPILATION_MODE = wholemodule;
				SWIFT_OPTIMIZATION_LEVEL = "-O";
			};
			name = Release;
		};
		9F3B4DFB299B04D900979AEA /* Debug */ = {
			isa = XCBuildConfiguration;
			buildSettings = {
				ASSETCATALOG_COMPILER_APPICON_NAME = AppIcon;
				ASSETCATALOG_COMPILER_GLOBAL_ACCENT_COLOR_NAME = AccentColor;
				CODE_SIGN_ENTITLEMENTS = MetalPlayground/MetalPlayground.entitlements;
				CODE_SIGN_STYLE = Automatic;
				CURRENT_PROJECT_VERSION = 1;
				DEVELOPMENT_ASSET_PATHS = "\"MetalPlayground/Preview Content\"";
				ENABLE_PREVIEWS = YES;
				GENERATE_INFOPLIST_FILE = YES;
				INFOPLIST_FILE = MetalPlayground/Info.plist;
				"INFOPLIST_KEY_UIApplicationSceneManifest_Generation[sdk=iphoneos*]" = YES;
				"INFOPLIST_KEY_UIApplicationSceneManifest_Generation[sdk=iphonesimulator*]" = YES;
				"INFOPLIST_KEY_UIApplicationSupportsIndirectInputEvents[sdk=iphoneos*]" = YES;
				"INFOPLIST_KEY_UIApplicationSupportsIndirectInputEvents[sdk=iphonesimulator*]" = YES;
				"INFOPLIST_KEY_UILaunchScreen_Generation[sdk=iphoneos*]" = YES;
				"INFOPLIST_KEY_UILaunchScreen_Generation[sdk=iphonesimulator*]" = YES;
				"INFOPLIST_KEY_UIStatusBarStyle[sdk=iphoneos*]" = UIStatusBarStyleDefault;
				"INFOPLIST_KEY_UIStatusBarStyle[sdk=iphonesimulator*]" = UIStatusBarStyleDefault;
				INFOPLIST_KEY_UISupportedInterfaceOrientations_iPad = "UIInterfaceOrientationPortrait UIInterfaceOrientationPortraitUpsideDown UIInterfaceOrientationLandscapeLeft UIInterfaceOrientationLandscapeRight";
				INFOPLIST_KEY_UISupportedInterfaceOrientations_iPhone = "UIInterfaceOrientationPortrait UIInterfaceOrientationLandscapeLeft UIInterfaceOrientationLandscapeRight";
				"INFOPLIST_KEY_UISupportsDocumentBrowser[sdk=iphoneos*]" = YES;
				"INFOPLIST_KEY_UISupportsDocumentBrowser[sdk=iphonesimulator*]" = YES;
				IPHONEOS_DEPLOYMENT_TARGET = 16.2;
				LD_RUNPATH_SEARCH_PATHS = "@executable_path/Frameworks";
				"LD_RUNPATH_SEARCH_PATHS[sdk=macosx*]" = "@executable_path/../Frameworks";
				MACOSX_DEPLOYMENT_TARGET = 13.0;
				MARKETING_VERSION = 1.0;
				MTLLINKER_FLAGS = "-L${TARGET_BUILD_DIR} -lUserShader";
				PRODUCT_BUNDLE_IDENTIFIER = com.thegail.MetalPlayground;
				PRODUCT_NAME = "$(TARGET_NAME)";
				SDKROOT = auto;
				SUPPORTED_PLATFORMS = "iphoneos iphonesimulator macosx";
				SWIFT_EMIT_LOC_STRINGS = YES;
				SWIFT_OBJC_BRIDGING_HEADER = MetalPlayground/bridging.h;
				SWIFT_VERSION = 5.0;
				TARGETED_DEVICE_FAMILY = "1,2";
			};
			name = Debug;
		};
		9F3B4DFC299B04D900979AEA /* Release */ = {
			isa = XCBuildConfiguration;
			buildSettings = {
				ASSETCATALOG_COMPILER_APPICON_NAME = AppIcon;
				ASSETCATALOG_COMPILER_GLOBAL_ACCENT_COLOR_NAME = AccentColor;
				CODE_SIGN_ENTITLEMENTS = MetalPlayground/MetalPlayground.entitlements;
				CODE_SIGN_STYLE = Automatic;
				CURRENT_PROJECT_VERSION = 1;
				DEVELOPMENT_ASSET_PATHS = "\"MetalPlayground/Preview Content\"";
				ENABLE_PREVIEWS = YES;
				GENERATE_INFOPLIST_FILE = YES;
				INFOPLIST_FILE = MetalPlayground/Info.plist;
				"INFOPLIST_KEY_UIApplicationSceneManifest_Generation[sdk=iphoneos*]" = YES;
				"INFOPLIST_KEY_UIApplicationSceneManifest_Generation[sdk=iphonesimulator*]" = YES;
				"INFOPLIST_KEY_UIApplicationSupportsIndirectInputEvents[sdk=iphoneos*]" = YES;
				"INFOPLIST_KEY_UIApplicationSupportsIndirectInputEvents[sdk=iphonesimulator*]" = YES;
				"INFOPLIST_KEY_UILaunchScreen_Generation[sdk=iphoneos*]" = YES;
				"INFOPLIST_KEY_UILaunchScreen_Generation[sdk=iphonesimulator*]" = YES;
				"INFOPLIST_KEY_UIStatusBarStyle[sdk=iphoneos*]" = UIStatusBarStyleDefault;
				"INFOPLIST_KEY_UIStatusBarStyle[sdk=iphonesimulator*]" = UIStatusBarStyleDefault;
				INFOPLIST_KEY_UISupportedInterfaceOrientations_iPad = "UIInterfaceOrientationPortrait UIInterfaceOrientationPortraitUpsideDown UIInterfaceOrientationLandscapeLeft UIInterfaceOrientationLandscapeRight";
				INFOPLIST_KEY_UISupportedInterfaceOrientations_iPhone = "UIInterfaceOrientationPortrait UIInterfaceOrientationLandscapeLeft UIInterfaceOrientationLandscapeRight";
				"INFOPLIST_KEY_UISupportsDocumentBrowser[sdk=iphoneos*]" = YES;
				"INFOPLIST_KEY_UISupportsDocumentBrowser[sdk=iphonesimulator*]" = YES;
				IPHONEOS_DEPLOYMENT_TARGET = 16.2;
				LD_RUNPATH_SEARCH_PATHS = "@executable_path/Frameworks";
				"LD_RUNPATH_SEARCH_PATHS[sdk=macosx*]" = "@executable_path/../Frameworks";
				MACOSX_DEPLOYMENT_TARGET = 13.0;
				MARKETING_VERSION = 1.0;
				MTLLINKER_FLAGS = "-L${TARGET_BUILD_DIR} -lUserShader";
				PRODUCT_BUNDLE_IDENTIFIER = com.thegail.MetalPlayground;
				PRODUCT_NAME = "$(TARGET_NAME)";
				SDKROOT = auto;
				SUPPORTED_PLATFORMS = "iphoneos iphonesimulator macosx";
				SWIFT_EMIT_LOC_STRINGS = YES;
				SWIFT_OBJC_BRIDGING_HEADER = MetalPlayground/bridging.h;
				SWIFT_VERSION = 5.0;
				TARGETED_DEVICE_FAMILY = "1,2";
			};
			name = Release;
		};
		9F3B4E3E299B34C400979AEA /* Debug */ = {
			isa = XCBuildConfiguration;
			buildSettings = {
				CODE_SIGN_STYLE = Automatic;
				MACOSX_DEPLOYMENT_TARGET = 13.0;
				MTLLINKER_FLAGS = "-dynamiclib -install_name \"@executable_path/libUserShader.metallib\"";
				MTL_COMPILER_FLAGS = "";
				PRODUCT_NAME = "lib$(TARGET_NAME)";
				SDKROOT = macosx;
			};
			name = Debug;
		};
		9F3B4E3F299B34C400979AEA /* Release */ = {
			isa = XCBuildConfiguration;
			buildSettings = {
				CODE_SIGN_STYLE = Automatic;
				MACOSX_DEPLOYMENT_TARGET = 13.0;
				MTLLINKER_FLAGS = "-dynamiclib -install_name \"@executable_path/libUserShader.metallib\"";
				MTL_COMPILER_FLAGS = "";
				PRODUCT_NAME = "lib$(TARGET_NAME)";
				SDKROOT = macosx;
			};
			name = Release;
		};
/* End XCBuildConfiguration section */

/* Begin XCConfigurationList section */
		9F3B4DE3299B04D800979AEA /* Build configuration list for PBXProject "MetalPlayground" */ = {
			isa = XCConfigurationList;
			buildConfigurations = (
				9F3B4DF8299B04D900979AEA /* Debug */,
				9F3B4DF9299B04D900979AEA /* Release */,
			);
			defaultConfigurationIsVisible = 0;
			defaultConfigurationName = Release;
		};
		9F3B4DFA299B04D900979AEA /* Build configuration list for PBXNativeTarget "MetalPlayground" */ = {
			isa = XCConfigurationList;
			buildConfigurations = (
				9F3B4DFB299B04D900979AEA /* Debug */,
				9F3B4DFC299B04D900979AEA /* Release */,
			);
			defaultConfigurationIsVisible = 0;
			defaultConfigurationName = Release;
		};
		9F3B4E3D299B34C400979AEA /* Build configuration list for PBXNativeTarget "UserShader" */ = {
			isa = XCConfigurationList;
			buildConfigurations = (
				9F3B4E3E299B34C400979AEA /* Debug */,
				9F3B4E3F299B34C400979AEA /* Release */,
			);
			defaultConfigurationIsVisible = 0;
			defaultConfigurationName = Release;
		};
/* End XCConfigurationList section */
	};
	rootObject = 9F3B4DE0299B04D800979AEA /* Project object */;
}
